
Microsoft Visual Studio Solution File, Format Version 12.00
Project("{FAE04EC0-301F-11D3-BF4B-00C04F79EFBC}") = "SyncStream.Aws.Lambda.Tools", "SyncStream.Aws.Lambda.Tools\SyncStream.Aws.Lambda.Tools.csproj", "{D743A399-2808-4867-B9C5-C6B791F69284}"
EndProject
Global
	GlobalSection(SolutionConfigurationPlatforms) = preSolution
		Debug|Any CPU = Debug|Any CPU
		Release|Any CPU = Release|Any CPU
	EndGlobalSection
	GlobalSection(ProjectConfigurationPlatforms) = postSolution
		{D743A399-2808-4867-B9C5-C6B791F69284}.Debug|Any CPU.ActiveCfg = Debug|Any CPU
		{D743A399-2808-4867-B9C5-C6B791F69284}.Debug|Any CPU.Build.0 = Debug|Any CPU
		{D743A399-2808-4867-B9C5-C6B791F69284}.Release|Any CPU.ActiveCfg = Release|Any CPU
		{D743A399-2808-4867-B9C5-C6B791F69284}.Release|Any CPU.Build.0 = Release|Any CPU
	EndGlobalSection
EndGlobal
